
Microsoft Visual Studio Solution File, Format Version 12.00
# Visual Studio Version 16
VisualStudioVersion = 16.0.29102.190
MinimumVisualStudioVersion = 10.0.40219.1
Project("{FAE04EC0-301F-11D3-BF4B-00C04F79EFBC}") = "Фоновая 2.3", "Фоновая 2.3\Фоновая 2.3.csproj", "{027BCAC2-EAE7-4C45-A914-68F1C66809E8}"
EndProject
Project("{FAE04EC0-301F-11D3-BF4B-00C04F79EFBC}") = "Фоновая 3.1", "Фоновая 3.1\Фоновая 3.1.csproj", "{2F50AC75-B13C-4DFD-A9B4-E47C5AC5412A}"
EndProject
Project("{FAE04EC0-301F-11D3-BF4B-00C04F79EFBC}") = "Фоновая 3.1 2nd", "Фоновая 3.1 2nd\Фоновая 3.1 2nd.csproj", "{C9C73CA9-4F3F-4936-9AC5-74AF62DA025C}"
EndProject
Project("{FAE04EC0-301F-11D3-BF4B-00C04F79EFBC}") = "Фоновая 1.1", "Фоновая 1.1\Фоновая 1.1.csproj", "{CBBFF2E6-56DD-4571-BD88-1D5FDC62D214}"
EndProject
Project("{FAE04EC0-301F-11D3-BF4B-00C04F79EFBC}") = "Фоновая 1.2", "Фоновая 1.2\Фоновая 1.2.csproj", "{E4E4BB92-F299-4CFD-A7F7-8C4C35E216F2}"
EndProject
Project("{FAE04EC0-301F-11D3-BF4B-00C04F79EFBC}") = "Фоновая 2.1", "Фоновая 2.1\Фоновая 2.1.csproj", "{8882E4D6-3E69-49AF-8481-7BE3538CE243}"
EndProject
Project("{FAE04EC0-301F-11D3-BF4B-00C04F79EFBC}") = "Фоновая 3.2", "Фоновая 3.2\Фоновая 3.2.csproj", "{B90E7C3F-D852-4D4A-B15C-AF8E7730C31F}"
EndProject
Project("{FAE04EC0-301F-11D3-BF4B-00C04F79EFBC}") = "Фоновая 3.3", "Фоновая 3.3\Фоновая 3.3.csproj", "{7E3640AE-EC5A-4D0B-9845-24A9F6125432}"
EndProject
Project("{9A19103F-16F7-4668-BE54-9A1E7A4F7556}") = "Фоновая 4.1", "Фоновая 4.1\Фоновая 4.1.csproj", "{12122848-B9EE-4C9D-A0E4-1E4E08159D8E}"
EndProject
Project("{9A19103F-16F7-4668-BE54-9A1E7A4F7556}") = "Фоновая 4.2", "Фоновая 4.2\Фоновая 4.2.csproj", "{036D90F0-FF05-4B52-A0CD-32D9393078B3}"
EndProject
Project("{FAE04EC0-301F-11D3-BF4B-00C04F79EFBC}") = "Фоновая 5.1", "Фоновая 5.1\Фоновая 5.1.csproj", "{E5472170-DA7F-4936-B863-6C8646832EAC}"
EndProject
Project("{FAE04EC0-301F-11D3-BF4B-00C04F79EFBC}") = "Фоновая 5.2", "Фоновая 5.2\Фоновая 5.2.csproj", "{D44EC508-A24C-43CC-B487-654768088739}"
EndProject
Global
	GlobalSection(SolutionConfigurationPlatforms) = preSolution
		Debug|Any CPU = Debug|Any CPU
		Release|Any CPU = Release|Any CPU
	EndGlobalSection
	GlobalSection(ProjectConfigurationPlatforms) = postSolution
		{027BCAC2-EAE7-4C45-A914-68F1C66809E8}.Debug|Any CPU.ActiveCfg = Debug|Any CPU
		{027BCAC2-EAE7-4C45-A914-68F1C66809E8}.Debug|Any CPU.Build.0 = Debug|Any CPU
		{027BCAC2-EAE7-4C45-A914-68F1C66809E8}.Release|Any CPU.ActiveCfg = Release|Any CPU
		{027BCAC2-EAE7-4C45-A914-68F1C66809E8}.Release|Any CPU.Build.0 = Release|Any CPU
		{2F50AC75-B13C-4DFD-A9B4-E47C5AC5412A}.Debug|Any CPU.ActiveCfg = Debug|Any CPU
		{2F50AC75-B13C-4DFD-A9B4-E47C5AC5412A}.Debug|Any CPU.Build.0 = Debug|Any CPU
		{2F50AC75-B13C-4DFD-A9B4-E47C5AC5412A}.Release|Any CPU.ActiveCfg = Release|Any CPU
		{2F50AC75-B13C-4DFD-A9B4-E47C5AC5412A}.Release|Any CPU.Build.0 = Release|Any CPU
		{C9C73CA9-4F3F-4936-9AC5-74AF62DA025C}.Debug|Any CPU.ActiveCfg = Debug|Any CPU
		{C9C73CA9-4F3F-4936-9AC5-74AF62DA025C}.Debug|Any CPU.Build.0 = Debug|Any CPU
		{C9C73CA9-4F3F-4936-9AC5-74AF62DA025C}.Release|Any CPU.ActiveCfg = Release|Any CPU
		{C9C73CA9-4F3F-4936-9AC5-74AF62DA025C}.Release|Any CPU.Build.0 = Release|Any CPU
		{CBBFF2E6-56DD-4571-BD88-1D5FDC62D214}.Debug|Any CPU.ActiveCfg = Debug|Any CPU
		{CBBFF2E6-56DD-4571-BD88-1D5FDC62D214}.Debug|Any CPU.Build.0 = Debug|Any CPU
		{CBBFF2E6-56DD-4571-BD88-1D5FDC62D214}.Release|Any CPU.ActiveCfg = Release|Any CPU
		{CBBFF2E6-56DD-4571-BD88-1D5FDC62D214}.Release|Any CPU.Build.0 = Release|Any CPU
		{E4E4BB92-F299-4CFD-A7F7-8C4C35E216F2}.Debug|Any CPU.ActiveCfg = Debug|Any CPU
		{E4E4BB92-F299-4CFD-A7F7-8C4C35E216F2}.Debug|Any CPU.Build.0 = Debug|Any CPU
		{E4E4BB92-F299-4CFD-A7F7-8C4C35E216F2}.Release|Any CPU.ActiveCfg = Release|Any CPU
		{E4E4BB92-F299-4CFD-A7F7-8C4C35E216F2}.Release|Any CPU.Build.0 = Release|Any CPU
		{8882E4D6-3E69-49AF-8481-7BE3538CE243}.Debug|Any CPU.ActiveCfg = Debug|Any CPU
		{8882E4D6-3E69-49AF-8481-7BE3538CE243}.Debug|Any CPU.Build.0 = Debug|Any CPU
		{8882E4D6-3E69-49AF-8481-7BE3538CE243}.Release|Any CPU.ActiveCfg = Release|Any CPU
		{8882E4D6-3E69-49AF-8481-7BE3538CE243}.Release|Any CPU.Build.0 = Release|Any CPU
		{B90E7C3F-D852-4D4A-B15C-AF8E7730C31F}.Debug|Any CPU.ActiveCfg = Debug|Any CPU
		{B90E7C3F-D852-4D4A-B15C-AF8E7730C31F}.Debug|Any CPU.Build.0 = Debug|Any CPU
		{B90E7C3F-D852-4D4A-B15C-AF8E7730C31F}.Release|Any CPU.ActiveCfg = Release|Any CPU
		{B90E7C3F-D852-4D4A-B15C-AF8E7730C31F}.Release|Any CPU.Build.0 = Release|Any CPU
		{7E3640AE-EC5A-4D0B-9845-24A9F6125432}.Debug|Any CPU.ActiveCfg = Debug|Any CPU
		{7E3640AE-EC5A-4D0B-9845-24A9F6125432}.Debug|Any CPU.Build.0 = Debug|Any CPU
		{7E3640AE-EC5A-4D0B-9845-24A9F6125432}.Release|Any CPU.ActiveCfg = Release|Any CPU
		{7E3640AE-EC5A-4D0B-9845-24A9F6125432}.Release|Any CPU.Build.0 = Release|Any CPU
		{12122848-B9EE-4C9D-A0E4-1E4E08159D8E}.Debug|Any CPU.ActiveCfg = Debug|Any CPU
		{12122848-B9EE-4C9D-A0E4-1E4E08159D8E}.Debug|Any CPU.Build.0 = Debug|Any CPU
		{12122848-B9EE-4C9D-A0E4-1E4E08159D8E}.Release|Any CPU.ActiveCfg = Release|Any CPU
		{12122848-B9EE-4C9D-A0E4-1E4E08159D8E}.Release|Any CPU.Build.0 = Release|Any CPU
		{036D90F0-FF05-4B52-A0CD-32D9393078B3}.Debug|Any CPU.ActiveCfg = Debug|Any CPU
		{036D90F0-FF05-4B52-A0CD-32D9393078B3}.Debug|Any CPU.Build.0 = Debug|Any CPU
		{036D90F0-FF05-4B52-A0CD-32D9393078B3}.Release|Any CPU.ActiveCfg = Release|Any CPU
		{036D90F0-FF05-4B52-A0CD-32D9393078B3}.Release|Any CPU.Build.0 = Release|Any CPU
		{E5472170-DA7F-4936-B863-6C8646832EAC}.Debug|Any CPU.ActiveCfg = Debug|Any CPU
		{E5472170-DA7F-4936-B863-6C8646832EAC}.Debug|Any CPU.Build.0 = Debug|Any CPU
		{E5472170-DA7F-4936-B863-6C8646832EAC}.Release|Any CPU.ActiveCfg = Release|Any CPU
		{E5472170-DA7F-4936-B863-6C8646832EAC}.Release|Any CPU.Build.0 = Release|Any CPU
		{D44EC508-A24C-43CC-B487-654768088739}.Debug|Any CPU.ActiveCfg = Debug|Any CPU
		{D44EC508-A24C-43CC-B487-654768088739}.Debug|Any CPU.Build.0 = Debug|Any CPU
		{D44EC508-A24C-43CC-B487-654768088739}.Release|Any CPU.ActiveCfg = Release|Any CPU
		{D44EC508-A24C-43CC-B487-654768088739}.Release|Any CPU.Build.0 = Release|Any CPU
	EndGlobalSection
	GlobalSection(SolutionProperties) = preSolution
		HideSolutionNode = FALSE
	EndGlobalSection
	GlobalSection(ExtensibilityGlobals) = postSolution
		SolutionGuid = {34D18F0B-DA17-42CD-AAE1-60955F85C2C2}
	EndGlobalSection
EndGlobal
